PODS:
  - Masonry (1.1.0)
  - SDWebImage (4.2.0):
    - SDWebImage/Core (= 4.2.0)
  - SDWebImage/Core (4.2.0)

DEPENDENCIES:
  - Masonry
  - SDWebImage

SPEC CHECKSUMS:
  Masonry: 678fab65091a9290e40e2832a55e7ab731aad201
  SDWebImage: b1189fd85365c18434270a11a5cad13a1e848d53

PODFILE CHECKSUM: 44a89292a3dd71dd86436ee19427f525f5019da6

COCOAPODS: 1.2.1
